// !$*UTF8*$!
{
	archiveVersion = 1;
	classes = {
	};
	objectVersion = 56;
	objects = {

/* Begin PBXBuildFile section */
		530DF72A2C57A5410089100E /* SDWebImageSwiftUI in Frameworks */ = {isa = PBXBuildFile; productRef = 530DF7292C57A5410089100E /* SDWebImageSwiftUI */; };
		530DF72D2C57A58F0089100E /* WebImageView.swift in Sources */ = {isa = PBXBuildFile; fileRef = 530DF72C2C57A58F0089100E /* WebImageView.swift */; };
		530DF73E2C57CB650089100E /* Localizable.xcstrings in Resources */ = {isa = PBXBuildFile; fileRef = 530DF73D2C57CB650089100E /* Localizable.xcstrings */; };
		530DF7412C57D4CA0089100E /* SettingsView.swift in Sources */ = {isa = PBXBuildFile; fileRef = 530DF7402C57D4CA0089100E /* SettingsView.swift */; };
		53B9C2012C56B3300050F7AF /* ProductsListViewModel.swift in Sources */ = {isa = PBXBuildFile; fileRef = 53B9C2002C56B3300050F7AF /* ProductsListViewModel.swift */; };
		53B9C2032C56B3720050F7AF /* ProductsListModel.swift in Sources */ = {isa = PBXBuildFile; fileRef = 53B9C2022C56B3720050F7AF /* ProductsListModel.swift */; };
		53B9C2062C56B7870050F7AF /* ProductManager.swift in Sources */ = {isa = PBXBuildFile; fileRef = 53B9C2052C56B7870050F7AF /* ProductManager.swift */; };
		53B9C2092C56C82B0050F7AF /* ProductRowView.swift in Sources */ = {isa = PBXBuildFile; fileRef = 53B9C2082C56C82B0050F7AF /* ProductRowView.swift */; };
		53B9C20B2C56CF480050F7AF /* ProductDetailView.swift in Sources */ = {isa = PBXBuildFile; fileRef = 53B9C20A2C56CF480050F7AF /* ProductDetailView.swift */; };
		53DBB08C2C56762300EE1F7F /* IBIChallengeApp.swift in Sources */ = {isa = PBXBuildFile; fileRef = 53DBB08B2C56762300EE1F7F /* IBIChallengeApp.swift */; };
		53DBB08E2C56762300EE1F7F /* ContentView.swift in Sources */ = {isa = PBXBuildFile; fileRef = 53DBB08D2C56762300EE1F7F /* ContentView.swift */; };
		53DBB0902C56762400EE1F7F /* Assets.xcassets in Resources */ = {isa = PBXBuildFile; fileRef = 53DBB08F2C56762400EE1F7F /* Assets.xcassets */; };
		53DBB0932C56762400EE1F7F /* Preview Assets.xcassets in Resources */ = {isa = PBXBuildFile; fileRef = 53DBB0922C56762400EE1F7F /* Preview Assets.xcassets */; };
		53DBB09B2C5676AB00EE1F7F /* LoginView.swift in Sources */ = {isa = PBXBuildFile; fileRef = 53DBB09A2C5676AB00EE1F7F /* LoginView.swift */; };
		53DBB09D2C567D1E00EE1F7F /* MainView.swift in Sources */ = {isa = PBXBuildFile; fileRef = 53DBB09C2C567D1E00EE1F7F /* MainView.swift */; };
		53DBB0A12C5682F500EE1F7F /* LottieView.swift in Sources */ = {isa = PBXBuildFile; fileRef = 53DBB0A02C5682F500EE1F7F /* LottieView.swift */; };
		53DBB0A42C56836800EE1F7F /* Lottie in Frameworks */ = {isa = PBXBuildFile; productRef = 53DBB0A32C56836800EE1F7F /* Lottie */; };
		53DBB0A72C56875900EE1F7F /* circledChart3D.json in Resources */ = {isa = PBXBuildFile; fileRef = 53DBB0A62C56875900EE1F7F /* circledChart3D.json */; };
		53DBB0A92C56887A00EE1F7F /* balbazor.json in Resources */ = {isa = PBXBuildFile; fileRef = 53DBB0A82C56887A00EE1F7F /* balbazor.json */; };
		53DBB0AB2C568DC300EE1F7F /* AppViewModel.swift in Sources */ = {isa = PBXBuildFile; fileRef = 53DBB0AA2C568DC300EE1F7F /* AppViewModel.swift */; };
		53DBB0AD2C56918800EE1F7F /* AppModel.swift in Sources */ = {isa = PBXBuildFile; fileRef = 53DBB0AC2C56918800EE1F7F /* AppModel.swift */; };
		53DBB0B02C56995600EE1F7F /* BiometricAuthView.swift in Sources */ = {isa = PBXBuildFile; fileRef = 53DBB0AF2C56995600EE1F7F /* BiometricAuthView.swift */; };
		53DBB0B22C56998200EE1F7F /* BiometricAuthViewModel.swift in Sources */ = {isa = PBXBuildFile; fileRef = 53DBB0B12C56998200EE1F7F /* BiometricAuthViewModel.swift */; };
		53DBB0B72C56A27200EE1F7F /* ProductsListView.swift in Sources */ = {isa = PBXBuildFile; fileRef = 53DBB0B62C56A27200EE1F7F /* ProductsListView.swift */; };
		53F088412C58231100687E93 /* PickLanguageView.swift in Sources */ = {isa = PBXBuildFile; fileRef = 53F088402C58231100687E93 /* PickLanguageView.swift */; };
/* End PBXBuildFile section */

/* Begin PBXFileReference section */
		530DF72C2C57A58F0089100E /* WebImageView.swift */ = {isa = PBXFileReference; lastKnownFileType = sourcecode.swift; path = WebImageView.swift; sourceTree = "<group>"; };
		530DF73D2C57CB650089100E /* Localizable.xcstrings */ = {isa = PBXFileReference; lastKnownFileType = text.json.xcstrings; path = Localizable.xcstrings; sourceTree = "<group>"; };
		530DF7402C57D4CA0089100E /* SettingsView.swift */ = {isa = PBXFileReference; lastKnownFileType = sourcecode.swift; path = SettingsView.swift; sourceTree = "<group>"; };
		53B9C2002C56B3300050F7AF /* ProductsListViewModel.swift */ = {isa = PBXFileReference; lastKnownFileType = sourcecode.swift; path = ProductsListViewModel.swift; sourceTree = "<group>"; };
		53B9C2022C56B3720050F7AF /* ProductsListModel.swift */ = {isa = PBXFileReference; lastKnownFileType = sourcecode.swift; path = ProductsListModel.swift; sourceTree = "<group>"; };
		53B9C2052C56B7870050F7AF /* ProductManager.swift */ = {isa = PBXFileReference; lastKnownFileType = sourcecode.swift; path = ProductManager.swift; sourceTree = "<group>"; };
		53B9C2082C56C82B0050F7AF /* ProductRowView.swift */ = {isa = PBXFileReference; lastKnownFileType = sourcecode.swift; path = ProductRowView.swift; sourceTree = "<group>"; };
		53B9C20A2C56CF480050F7AF /* ProductDetailView.swift */ = {isa = PBXFileReference; lastKnownFileType = sourcecode.swift; path = ProductDetailView.swift; sourceTree = "<group>"; };
		53DBB0882C56762300EE1F7F /* IBIChallenge.app */ = {isa = PBXFileReference; explicitFileType = wrapper.application; includeInIndex = 0; path = IBIChallenge.app; sourceTree = BUILT_PRODUCTS_DIR; };
		53DBB08B2C56762300EE1F7F /* IBIChallengeApp.swift */ = {isa = PBXFileReference; lastKnownFileType = sourcecode.swift; path = IBIChallengeApp.swift; sourceTree = "<group>"; };
		53DBB08D2C56762300EE1F7F /* ContentView.swift */ = {isa = PBXFileReference; lastKnownFileType = sourcecode.swift; path = ContentView.swift; sourceTree = "<group>"; };
		53DBB08F2C56762400EE1F7F /* Assets.xcassets */ = {isa = PBXFileReference; lastKnownFileType = folder.assetcatalog; path = Assets.xcassets; sourceTree = "<group>"; };
		53DBB0922C56762400EE1F7F /* Preview Assets.xcassets */ = {isa = PBXFileReference; lastKnownFileType = folder.assetcatalog; path = "Preview Assets.xcassets"; sourceTree = "<group>"; };
		53DBB09A2C5676AB00EE1F7F /* LoginView.swift */ = {isa = PBXFileReference; lastKnownFileType = sourcecode.swift; path = LoginView.swift; sourceTree = "<group>"; };
		53DBB09C2C567D1E00EE1F7F /* MainView.swift */ = {isa = PBXFileReference; lastKnownFileType = sourcecode.swift; path = MainView.swift; sourceTree = "<group>"; };
		53DBB0A02C5682F500EE1F7F /* LottieView.swift */ = {isa = PBXFileReference; lastKnownFileType = sourcecode.swift; path = LottieView.swift; sourceTree = "<group>"; };
		53DBB0A62C56875900EE1F7F /* circledChart3D.json */ = {isa = PBXFileReference; fileEncoding = 4; lastKnownFileType = text.json; path = circledChart3D.json; sourceTree = "<group>"; };
		53DBB0A82C56887A00EE1F7F /* balbazor.json */ = {isa = PBXFileReference; fileEncoding = 4; lastKnownFileType = text.json; path = balbazor.json; sourceTree = "<group>"; };
		53DBB0AA2C568DC300EE1F7F /* AppViewModel.swift */ = {isa = PBXFileReference; lastKnownFileType = sourcecode.swift; path = AppViewModel.swift; sourceTree = "<group>"; };
		53DBB0AC2C56918800EE1F7F /* AppModel.swift */ = {isa = PBXFileReference; lastKnownFileType = sourcecode.swift; path = AppModel.swift; sourceTree = "<group>"; };
		53DBB0AF2C56995600EE1F7F /* BiometricAuthView.swift */ = {isa = PBXFileReference; lastKnownFileType = sourcecode.swift; path = BiometricAuthView.swift; sourceTree = "<group>"; };
		53DBB0B12C56998200EE1F7F /* BiometricAuthViewModel.swift */ = {isa = PBXFileReference; lastKnownFileType = sourcecode.swift; path = BiometricAuthViewModel.swift; sourceTree = "<group>"; };
		53DBB0B32C569BCA00EE1F7F /* Info.plist */ = {isa = PBXFileReference; lastKnownFileType = text.plist; path = Info.plist; sourceTree = "<group>"; };
		53DBB0B62C56A27200EE1F7F /* ProductsListView.swift */ = {isa = PBXFileReference; lastKnownFileType = sourcecode.swift; path = ProductsListView.swift; sourceTree = "<group>"; };
		53F088402C58231100687E93 /* PickLanguageView.swift */ = {isa = PBXFileReference; lastKnownFileType = sourcecode.swift; path = PickLanguageView.swift; sourceTree = "<group>"; };
/* End PBXFileReference section */

/* Begin PBXFrameworksBuildPhase section */
		53DBB0852C56762300EE1F7F /* Frameworks */ = {
			isa = PBXFrameworksBuildPhase;
			buildActionMask = 2147483647;
			files = (
				530DF72A2C57A5410089100E /* SDWebImageSwiftUI in Frameworks */,
				53DBB0A42C56836800EE1F7F /* Lottie in Frameworks */,
			);
			runOnlyForDeploymentPostprocessing = 0;
		};
/* End PBXFrameworksBuildPhase section */

/* Begin PBXGroup section */
		530DF72B2C57A5810089100E /* webImage */ = {
			isa = PBXGroup;
			children = (
				530DF72C2C57A58F0089100E /* WebImageView.swift */,
			);
			path = webImage;
			sourceTree = "<group>";
		};
		530DF73F2C57D48F0089100E /* settings */ = {
			isa = PBXGroup;
			children = (
				53F0883F2C58230000687E93 /* components */,
				530DF7402C57D4CA0089100E /* SettingsView.swift */,
			);
			path = settings;
			sourceTree = "<group>";
		};
		53B9C2042C56B7760050F7AF /* Model */ = {
			isa = PBXGroup;
			children = (
				53B9C2022C56B3720050F7AF /* ProductsListModel.swift */,
				53B9C2052C56B7870050F7AF /* ProductManager.swift */,
			);
			path = Model;
			sourceTree = "<group>";
		};
		53B9C2072C56C81C0050F7AF /* components */ = {
			isa = PBXGroup;
			children = (
				53B9C2082C56C82B0050F7AF /* ProductRowView.swift */,
				53B9C20A2C56CF480050F7AF /* ProductDetailView.swift */,
			);
			path = components;
			sourceTree = "<group>";
		};
		53DBB07F2C56762300EE1F7F = {
			isa = PBXGroup;
			children = (
				53DBB08A2C56762300EE1F7F /* IBIChallenge */,
				53DBB0892C56762300EE1F7F /* Products */,
			);
			sourceTree = "<group>";
		};
		53DBB0892C56762300EE1F7F /* Products */ = {
			isa = PBXGroup;
			children = (
				53DBB0882C56762300EE1F7F /* IBIChallenge.app */,
			);
			name = Products;
			sourceTree = "<group>";
		};
		53DBB08A2C56762300EE1F7F /* IBIChallenge */ = {
			isa = PBXGroup;
			children = (
				53DBB0B42C56A21F00EE1F7F /* pages */,
				53DBB0B32C569BCA00EE1F7F /* Info.plist */,
				53DBB0AE2C56994700EE1F7F /* BiometricAuth */,
				53DBB0A52C56874500EE1F7F /* lottieFiles */,
				53DBB09E2C5682E100EE1F7F /* components */,
				53DBB08B2C56762300EE1F7F /* IBIChallengeApp.swift */,
				53DBB08D2C56762300EE1F7F /* ContentView.swift */,
				53DBB08F2C56762400EE1F7F /* Assets.xcassets */,
				53DBB0912C56762400EE1F7F /* Preview Content */,
				53DBB09C2C567D1E00EE1F7F /* MainView.swift */,
				53DBB0AA2C568DC300EE1F7F /* AppViewModel.swift */,
				53DBB0AC2C56918800EE1F7F /* AppModel.swift */,
				530DF73D2C57CB650089100E /* Localizable.xcstrings */,
			);
			path = IBIChallenge;
			sourceTree = "<group>";
		};
		53DBB0912C56762400EE1F7F /* Preview Content */ = {
			isa = PBXGroup;
			children = (
				53DBB0922C56762400EE1F7F /* Preview Assets.xcassets */,
			);
			path = "Preview Content";
			sourceTree = "<group>";
		};
		53DBB0992C56769800EE1F7F /* login */ = {
			isa = PBXGroup;
			children = (
				53DBB09A2C5676AB00EE1F7F /* LoginView.swift */,
			);
			path = login;
			sourceTree = "<group>";
		};
		53DBB09E2C5682E100EE1F7F /* components */ = {
			isa = PBXGroup;
			children = (
				530DF72B2C57A5810089100E /* webImage */,
				53DBB09F2C5682E900EE1F7F /* lottie */,
			);
			path = components;
			sourceTree = "<group>";
		};
		53DBB09F2C5682E900EE1F7F /* lottie */ = {
			isa = PBXGroup;
			children = (
				53DBB0A02C5682F500EE1F7F /* LottieView.swift */,
			);
			path = lottie;
			sourceTree = "<group>";
		};
		53DBB0A52C56874500EE1F7F /* lottieFiles */ = {
			isa = PBXGroup;
			children = (
				53DBB0A82C56887A00EE1F7F /* balbazor.json */,
				53DBB0A62C56875900EE1F7F /* circledChart3D.json */,
			);
			path = lottieFiles;
			sourceTree = "<group>";
		};
		53DBB0AE2C56994700EE1F7F /* BiometricAuth */ = {
			isa = PBXGroup;
			children = (
				53DBB0AF2C56995600EE1F7F /* BiometricAuthView.swift */,
				53DBB0B12C56998200EE1F7F /* BiometricAuthViewModel.swift */,
			);
			path = BiometricAuth;
			sourceTree = "<group>";
		};
		53DBB0B42C56A21F00EE1F7F /* pages */ = {
			isa = PBXGroup;
			children = (
				530DF73F2C57D48F0089100E /* settings */,
				53DBB0B52C56A26400EE1F7F /* productsList */,
				53DBB0992C56769800EE1F7F /* login */,
			);
			path = pages;
			sourceTree = "<group>";
		};
		53DBB0B52C56A26400EE1F7F /* productsList */ = {
			isa = PBXGroup;
			children = (
				53B9C2072C56C81C0050F7AF /* components */,
				53B9C2042C56B7760050F7AF /* Model */,
				53DBB0B62C56A27200EE1F7F /* ProductsListView.swift */,
				53B9C2002C56B3300050F7AF /* ProductsListViewModel.swift */,
			);
			path = productsList;
			sourceTree = "<group>";
		};
		53F0883F2C58230000687E93 /* components */ = {
			isa = PBXGroup;
			children = (
				53F088402C58231100687E93 /* PickLanguageView.swift */,
			);
			path = components;
			sourceTree = "<group>";
		};
/* End PBXGroup section */

/* Begin PBXNativeTarget section */
		53DBB0872C56762300EE1F7F /* IBIChallenge */ = {
			isa = PBXNativeTarget;
			buildConfigurationList = 53DBB0962C56762400EE1F7F /* Build configuration list for PBXNativeTarget "IBIChallenge" */;
			buildPhases = (
				53DBB0842C56762300EE1F7F /* Sources */,
				53DBB0852C56762300EE1F7F /* Frameworks */,
				53DBB0862C56762300EE1F7F /* Resources */,
			);
			buildRules = (
			);
			dependencies = (
			);
			name = IBIChallenge;
			packageProductDependencies = (
				53DBB0A32C56836800EE1F7F /* Lottie */,
				530DF7292C57A5410089100E /* SDWebImageSwiftUI */,
			);
			productName = IBIChallenge;
			productReference = 53DBB0882C56762300EE1F7F /* IBIChallenge.app */;
			productType = "com.apple.product-type.application";
		};
/* End PBXNativeTarget section */

/* Begin PBXProject section */
		53DBB0802C56762300EE1F7F /* Project object */ = {
			isa = PBXProject;
			attributes = {
				BuildIndependentTargetsInParallel = 1;
				LastSwiftUpdateCheck = 1530;
				LastUpgradeCheck = 1530;
				TargetAttributes = {
					53DBB0872C56762300EE1F7F = {
						CreatedOnToolsVersion = 15.3;
					};
				};
			};
			buildConfigurationList = 53DBB0832C56762300EE1F7F /* Build configuration list for PBXProject "IBIChallenge" */;
			compatibilityVersion = "Xcode 14.0";
			developmentRegion = en;
			hasScannedForEncodings = 0;
			knownRegions = (
				en,
				Base,
				he,
			);
			mainGroup = 53DBB07F2C56762300EE1F7F;
			packageReferences = (
				53DBB0A22C56836800EE1F7F /* XCRemoteSwiftPackageReference "lottie-spm" */,
				530DF7282C57A5410089100E /* XCRemoteSwiftPackageReference "SDWebImageSwiftUI" */,
			);
			productRefGroup = 53DBB0892C56762300EE1F7F /* Products */;
			projectDirPath = "";
			projectRoot = "";
			targets = (
				53DBB0872C56762300EE1F7F /* IBIChallenge */,
			);
		};
/* End PBXProject section */

/* Begin PBXResourcesBuildPhase section */
		53DBB0862C56762300EE1F7F /* Resources */ = {
			isa = PBXResourcesBuildPhase;
			buildActionMask = 2147483647;
			files = (
				53DBB0932C56762400EE1F7F /* Preview Assets.xcassets in Resources */,
				530DF73E2C57CB650089100E /* Localizable.xcstrings in Resources */,
				53DBB0902C56762400EE1F7F /* Assets.xcassets in Resources */,
				53DBB0A92C56887A00EE1F7F /* balbazor.json in Resources */,
				53DBB0A72C56875900EE1F7F /* circledChart3D.json in Resources */,
			);
			runOnlyForDeploymentPostprocessing = 0;
		};
/* End PBXResourcesBuildPhase section */

/* Begin PBXSourcesBuildPhase section */
		53DBB0842C56762300EE1F7F /* Sources */ = {
			isa = PBXSourcesBuildPhase;
			buildActionMask = 2147483647;
			files = (
				53DBB0B72C56A27200EE1F7F /* ProductsListView.swift in Sources */,
				53DBB0AD2C56918800EE1F7F /* AppModel.swift in Sources */,
				53DBB09B2C5676AB00EE1F7F /* LoginView.swift in Sources */,
				53B9C2012C56B3300050F7AF /* ProductsListViewModel.swift in Sources */,
				53B9C2092C56C82B0050F7AF /* ProductRowView.swift in Sources */,
				530DF7412C57D4CA0089100E /* SettingsView.swift in Sources */,
				53DBB08E2C56762300EE1F7F /* ContentView.swift in Sources */,
				53F088412C58231100687E93 /* PickLanguageView.swift in Sources */,
				53DBB0AB2C568DC300EE1F7F /* AppViewModel.swift in Sources */,
				53DBB0A12C5682F500EE1F7F /* LottieView.swift in Sources */,
				53DBB09D2C567D1E00EE1F7F /* MainView.swift in Sources */,
				530DF72D2C57A58F0089100E /* WebImageView.swift in Sources */,
				53DBB0B22C56998200EE1F7F /* BiometricAuthViewModel.swift in Sources */,
				53DBB0B02C56995600EE1F7F /* BiometricAuthView.swift in Sources */,
				53B9C20B2C56CF480050F7AF /* ProductDetailView.swift in Sources */,
				53DBB08C2C56762300EE1F7F /* IBIChallengeApp.swift in Sources */,
				53B9C2062C56B7870050F7AF /* ProductManager.swift in Sources */,
				53B9C2032C56B3720050F7AF /* ProductsListModel.swift in Sources */,
			);
			runOnlyForDeploymentPostprocessing = 0;
		};
/* End PBXSourcesBuildPhase section */

/* Begin XCBuildConfiguration section */
		53DBB0942C56762400EE1F7F /* Debug */ = {
			isa = XCBuildConfiguration;
			buildSettings = {
				ALWAYS_SEARCH_USER_PATHS = NO;
				ASSETCATALOG_COMPILER_GENERATE_SWIFT_ASSET_SYMBOL_EXTENSIONS = YES;
				CLANG_ANALYZER_NONNULL = YES;
				CLANG_ANALYZER_NUMBER_OBJECT_CONVERSION = YES_AGGRESSIVE;
				CLANG_CXX_LANGUAGE_STANDARD = "gnu++20";
				CLANG_ENABLE_MODULES = YES;
				CLANG_ENABLE_OBJC_ARC = YES;
				CLANG_ENABLE_OBJC_WEAK = YES;
				CLANG_WARN_BLOCK_CAPTURE_AUTORELEASING = YES;
				CLANG_WARN_BOOL_CONVERSION = YES;
				CLANG_WARN_COMMA = YES;
				CLANG_WARN_CONSTANT_CONVERSION = YES;
				CLANG_WARN_DEPRECATED_OBJC_IMPLEMENTATIONS = YES;
				CLANG_WARN_DIRECT_OBJC_ISA_USAGE = YES_ERROR;
				CLANG_WARN_DOCUMENTATION_COMMENTS = YES;
				CLANG_WARN_EMPTY_BODY = YES;
				CLANG_WARN_ENUM_CONVERSION = YES;
				CLANG_WARN_INFINITE_RECURSION = YES;
				CLANG_WARN_INT_CONVERSION = YES;
				CLANG_WARN_NON_LITERAL_NULL_CONVERSION = YES;
				CLANG_WARN_OBJC_IMPLICIT_RETAIN_SELF = YES;
				CLANG_WARN_OBJC_LITERAL_CONVERSION = YES;
				CLANG_WARN_OBJC_ROOT_CLASS = YES_ERROR;
				CLANG_WARN_QUOTED_INCLUDE_IN_FRAMEWORK_HEADER = YES;
				CLANG_WARN_RANGE_LOOP_ANALYSIS = YES;
				CLANG_WARN_STRICT_PROTOTYPES = YES;
				CLANG_WARN_SUSPICIOUS_MOVE = YES;
				CLANG_WARN_UNGUARDED_AVAILABILITY = YES_AGGRESSIVE;
				CLANG_WARN_UNREACHABLE_CODE = YES;
				CLANG_WARN__DUPLICATE_METHOD_MATCH = YES;
				COPY_PHASE_STRIP = NO;
				DEBUG_INFORMATION_FORMAT = dwarf;
				ENABLE_STRICT_OBJC_MSGSEND = YES;
				ENABLE_TESTABILITY = YES;
				ENABLE_USER_SCRIPT_SANDBOXING = YES;
				GCC_C_LANGUAGE_STANDARD = gnu17;
				GCC_DYNAMIC_NO_PIC = NO;
				GCC_NO_COMMON_BLOCKS = YES;
				GCC_OPTIMIZATION_LEVEL = 0;
				GCC_PREPROCESSOR_DEFINITIONS = (
					"DEBUG=1",
					"$(inherited)",
				);
				GCC_WARN_64_TO_32_BIT_CONVERSION = YES;
				GCC_WARN_ABOUT_RETURN_TYPE = YES_ERROR;
				GCC_WARN_UNDECLARED_SELECTOR = YES;
				GCC_WARN_UNINITIALIZED_AUTOS = YES_AGGRESSIVE;
				GCC_WARN_UNUSED_FUNCTION = YES;
				GCC_WARN_UNUSED_VARIABLE = YES;
				IPHONEOS_DEPLOYMENT_TARGET = 17.4;
				LOCALIZATION_PREFERS_STRING_CATALOGS = YES;
				MTL_ENABLE_DEBUG_INFO = INCLUDE_SOURCE;
				MTL_FAST_MATH = YES;
				ONLY_ACTIVE_ARCH = YES;
				SDKROOT = iphoneos;
				SWIFT_ACTIVE_COMPILATION_CONDITIONS = "DEBUG $(inherited)";
				SWIFT_OPTIMIZATION_LEVEL = "-Onone";
			};
			name = Debug;
		};
		53DBB0952C56762400EE1F7F /* Release */ = {
			isa = XCBuildConfiguration;
			buildSettings = {
				ALWAYS_SEARCH_USER_PATHS = NO;
				ASSETCATALOG_COMPILER_GENERATE_SWIFT_ASSET_SYMBOL_EXTENSIONS = YES;
				CLANG_ANALYZER_NONNULL = YES;
				CLANG_ANALYZER_NUMBER_OBJECT_CONVERSION = YES_AGGRESSIVE;
				CLANG_CXX_LANGUAGE_STANDARD = "gnu++20";
				CLANG_ENABLE_MODULES = YES;
				CLANG_ENABLE_OBJC_ARC = YES;
				CLANG_ENABLE_OBJC_WEAK = YES;
				CLANG_WARN_BLOCK_CAPTURE_AUTORELEASING = YES;
				CLANG_WARN_BOOL_CONVERSION = YES;
				CLANG_WARN_COMMA = YES;
				CLANG_WARN_CONSTANT_CONVERSION = YES;
				CLANG_WARN_DEPRECATED_OBJC_IMPLEMENTATIONS = YES;
				CLANG_WARN_DIRECT_OBJC_ISA_USAGE = YES_ERROR;
				CLANG_WARN_DOCUMENTATION_COMMENTS = YES;
				CLANG_WARN_EMPTY_BODY = YES;
				CLANG_WARN_ENUM_CONVERSION = YES;
				CLANG_WARN_INFINITE_RECURSION = YES;
				CLANG_WARN_INT_CONVERSION = YES;
				CLANG_WARN_NON_LITERAL_NULL_CONVERSION = YES;
				CLANG_WARN_OBJC_IMPLICIT_RETAIN_SELF = YES;
				CLANG_WARN_OBJC_LITERAL_CONVERSION = YES;
				CLANG_WARN_OBJC_ROOT_CLASS = YES_ERROR;
				CLANG_WARN_QUOTED_INCLUDE_IN_FRAMEWORK_HEADER = YES;
				CLANG_WARN_RANGE_LOOP_ANALYSIS = YES;
				CLANG_WARN_STRICT_PROTOTYPES = YES;
				CLANG_WARN_SUSPICIOUS_MOVE = YES;
				CLANG_WARN_UNGUARDED_AVAILABILITY = YES_AGGRESSIVE;
				CLANG_WARN_UNREACHABLE_CODE = YES;
				CLANG_WARN__DUPLICATE_METHOD_MATCH = YES;
				COPY_PHASE_STRIP = NO;
				DEBUG_INFORMATION_FORMAT = "dwarf-with-dsym";
				ENABLE_NS_ASSERTIONS = NO;
				ENABLE_STRICT_OBJC_MSGSEND = YES;
				ENABLE_USER_SCRIPT_SANDBOXING = YES;
				GCC_C_LANGUAGE_STANDARD = gnu17;
				GCC_NO_COMMON_BLOCKS = YES;
				GCC_WARN_64_TO_32_BIT_CONVERSION = YES;
				GCC_WARN_ABOUT_RETURN_TYPE = YES_ERROR;
				GCC_WARN_UNDECLARED_SELECTOR = YES;
				GCC_WARN_UNINITIALIZED_AUTOS = YES_AGGRESSIVE;
				GCC_WARN_UNUSED_FUNCTION = YES;
				GCC_WARN_UNUSED_VARIABLE = YES;
				IPHONEOS_DEPLOYMENT_TARGET = 17.4;
				LOCALIZATION_PREFERS_STRING_CATALOGS = YES;
				MTL_ENABLE_DEBUG_INFO = NO;
				MTL_FAST_MATH = YES;
				SDKROOT = iphoneos;
				SWIFT_COMPILATION_MODE = wholemodule;
				VALIDATE_PRODUCT = YES;
			};
			name = Release;
		};
		53DBB0972C56762400EE1F7F /* Debug */ = {
			isa = XCBuildConfiguration;
			buildSettings = {
				ASSETCATALOG_COMPILER_APPICON_NAME = AppIcon;
				ASSETCATALOG_COMPILER_GLOBAL_ACCENT_COLOR_NAME = AccentColor;
				CODE_SIGN_STYLE = Automatic;
				CURRENT_PROJECT_VERSION = 1;
				DEVELOPMENT_ASSET_PATHS = "\"IBIChallenge/Preview Content\"";
				DEVELOPMENT_TEAM = 6Q59R4QBXF;
				ENABLE_PREVIEWS = YES;
				GENERATE_INFOPLIST_FILE = YES;
				INFOPLIST_FILE = IBIChallenge/Info.plist;
				INFOPLIST_KEY_NSFaceIDUsageDescription = "We need to use Face ID to authenticate your identity and log you into your account.";
				INFOPLIST_KEY_UIApplicationSceneManifest_Generation = YES;
				INFOPLIST_KEY_UIApplicationSupportsIndirectInputEvents = YES;
				INFOPLIST_KEY_UILaunchScreen_Generation = YES;
				INFOPLIST_KEY_UISupportedInterfaceOrientations_iPad = "UIInterfaceOrientationPortrait UIInterfaceOrientationPortraitUpsideDown UIInterfaceOrientationLandscapeLeft UIInterfaceOrientationLandscapeRight";
				INFOPLIST_KEY_UISupportedInterfaceOrientations_iPhone = "UIInterfaceOrientationPortrait UIInterfaceOrientationLandscapeLeft UIInterfaceOrientationLandscapeRight";
				LD_RUNPATH_SEARCH_PATHS = (
					"$(inherited)",
					"@executable_path/Frameworks",
				);
				MARKETING_VERSION = 1.0;
				PRODUCT_BUNDLE_IDENTIFIER = com.yonigolfor.IBIChallenge;
				PRODUCT_NAME = "$(TARGET_NAME)";
				SWIFT_EMIT_LOC_STRINGS = YES;
				SWIFT_VERSION = 5.0;
				TARGETED_DEVICE_FAMILY = "1,2";
			};
			name = Debug;
		};
		53DBB0982C56762400EE1F7F /* Release */ = {
			isa = XCBuildConfiguration;
			buildSettings = {
				ASSETCATALOG_COMPILER_APPICON_NAME = AppIcon;
				ASSETCATALOG_COMPILER_GLOBAL_ACCENT_COLOR_NAME = AccentColor;
				CODE_SIGN_STYLE = Automatic;
				CURRENT_PROJECT_VERSION = 1;
				DEVELOPMENT_ASSET_PATHS = "\"IBIChallenge/Preview Content\"";
				DEVELOPMENT_TEAM = 6Q59R4QBXF;
				ENABLE_PREVIEWS = YES;
				GENERATE_INFOPLIST_FILE = YES;
				INFOPLIST_FILE = IBIChallenge/Info.plist;
				INFOPLIST_KEY_NSFaceIDUsageDescription = "We need to use Face ID to authenticate your identity and log you into your account.";
				INFOPLIST_KEY_UIApplicationSceneManifest_Generation = YES;
				INFOPLIST_KEY_UIApplicationSupportsIndirectInputEvents = YES;
				INFOPLIST_KEY_UILaunchScreen_Generation = YES;
				INFOPLIST_KEY_UISupportedInterfaceOrientations_iPad = "UIInterfaceOrientationPortrait UIInterfaceOrientationPortraitUpsideDown UIInterfaceOrientationLandscapeLeft UIInterfaceOrientationLandscapeRight";
				INFOPLIST_KEY_UISupportedInterfaceOrientations_iPhone = "UIInterfaceOrientationPortrait UIInterfaceOrientationLandscapeLeft UIInterfaceOrientationLandscapeRight";
				LD_RUNPATH_SEARCH_PATHS = (
					"$(inherited)",
					"@executable_path/Frameworks",
				);
				MARKETING_VERSION = 1.0;
				PRODUCT_BUNDLE_IDENTIFIER = com.yonigolfor.IBIChallenge;
				PRODUCT_NAME = "$(TARGET_NAME)";
				SWIFT_EMIT_LOC_STRINGS = YES;
				SWIFT_VERSION = 5.0;
				TARGETED_DEVICE_FAMILY = "1,2";
			};
			name = Release;
		};
/* End XCBuildConfiguration section */

/* Begin XCConfigurationList section */
		53DBB0832C56762300EE1F7F /* Build configuration list for PBXProject "IBIChallenge" */ = {
			isa = XCConfigurationList;
			buildConfigurations = (
				53DBB0942C56762400EE1F7F /* Debug */,
				53DBB0952C56762400EE1F7F /* Release */,
			);
			defaultConfigurationIsVisible = 0;
			defaultConfigurationName = Release;
		};
		53DBB0962C56762400EE1F7F /* Build configuration list for PBXNativeTarget "IBIChallenge" */ = {
			isa = XCConfigurationList;
			buildConfigurations = (
				53DBB0972C56762400EE1F7F /* Debug */,
				53DBB0982C56762400EE1F7F /* Release */,
			);
			defaultConfigurationIsVisible = 0;
			defaultConfigurationName = Release;
		};
/* End XCConfigurationList section */

/* Begin XCRemoteSwiftPackageReference section */
		530DF7282C57A5410089100E /* XCRemoteSwiftPackageReference "SDWebImageSwiftUI" */ = {
			isa = XCRemoteSwiftPackageReference;
			repositoryURL = "https://github.com/SDWebImage/SDWebImageSwiftUI.git";
			requirement = {
				kind = upToNextMajorVersion;
				minimumVersion = 3.1.1;
			};
		};
		53DBB0A22C56836800EE1F7F /* XCRemoteSwiftPackageReference "lottie-spm" */ = {
			isa = XCRemoteSwiftPackageReference;
			repositoryURL = "https://github.com/airbnb/lottie-spm.git";
			requirement = {
				kind = upToNextMajorVersion;
				minimumVersion = 4.5.0;
			};
		};
/* End XCRemoteSwiftPackageReference section */

/* Begin XCSwiftPackageProductDependency section */
		530DF7292C57A5410089100E /* SDWebImageSwiftUI */ = {
			isa = XCSwiftPackageProductDependency;
			package = 530DF7282C57A5410089100E /* XCRemoteSwiftPackageReference "SDWebImageSwiftUI" */;
			productName = SDWebImageSwiftUI;
		};
		53DBB0A32C56836800EE1F7F /* Lottie */ = {
			isa = XCSwiftPackageProductDependency;
			package = 53DBB0A22C56836800EE1F7F /* XCRemoteSwiftPackageReference "lottie-spm" */;
			productName = Lottie;
		};
/* End XCSwiftPackageProductDependency section */
	};
	rootObject = 53DBB0802C56762300EE1F7F /* Project object */;
}
